// !$*UTF8*$!
{
	archiveVersion = 1;
	classes = {
	};
	objectVersion = 55;
	objects = {

/* Begin PBXBuildFile section */
		C401A30F287B70E60016196E /* TaskCell.swift in Sources */ = {isa = PBXBuildFile; fileRef = C401A30E287B70E60016196E /* TaskCell.swift */; };
		C401A311287C6D820016196E /* Activities.swift in Sources */ = {isa = PBXBuildFile; fileRef = C401A310287C6D820016196E /* Activities.swift */; };
		C457BBBA287640F1009CA534 /* AppDelegate.swift in Sources */ = {isa = PBXBuildFile; fileRef = C457BBB9287640F1009CA534 /* AppDelegate.swift */; };
		C457BBBC287640F1009CA534 /* SceneDelegate.swift in Sources */ = {isa = PBXBuildFile; fileRef = C457BBBB287640F1009CA534 /* SceneDelegate.swift */; };
		C457BBBE287640F1009CA534 /* ViewController.swift in Sources */ = {isa = PBXBuildFile; fileRef = C457BBBD287640F1009CA534 /* ViewController.swift */; };
		C457BBC1287640F1009CA534 /* Main.storyboard in Resources */ = {isa = PBXBuildFile; fileRef = C457BBBF287640F1009CA534 /* Main.storyboard */; };
		C457BBC3287640F3009CA534 /* Assets.xcassets in Resources */ = {isa = PBXBuildFile; fileRef = C457BBC2287640F3009CA534 /* Assets.xcassets */; };
		C457BBC6287640F3009CA534 /* LaunchScreen.storyboard in Resources */ = {isa = PBXBuildFile; fileRef = C457BBC4287640F3009CA534 /* LaunchScreen.storyboard */; };
		C457BBD02876494A009CA534 /* ActivitiesCell.swift in Sources */ = {isa = PBXBuildFile; fileRef = C457BBCF2876494A009CA534 /* ActivitiesCell.swift */; };
		C457BBD2287737C7009CA534 /* AddTask.swift in Sources */ = {isa = PBXBuildFile; fileRef = C457BBD1287737C7009CA534 /* AddTask.swift */; };
/* End PBXBuildFile section */

/* Begin PBXFileReference section */
		C401A30E287B70E60016196E /* TaskCell.swift */ = {isa = PBXFileReference; lastKnownFileType = sourcecode.swift; path = TaskCell.swift; sourceTree = "<group>"; };
		C401A310287C6D820016196E /* Activities.swift */ = {isa = PBXFileReference; lastKnownFileType = sourcecode.swift; path = Activities.swift; sourceTree = "<group>"; };
		C457BBB6287640F1009CA534 /* To-do App.app */ = {isa = PBXFileReference; explicitFileType = wrapper.application; includeInIndex = 0; path = "To-do App.app"; sourceTree = BUILT_PRODUCTS_DIR; };
		C457BBB9287640F1009CA534 /* AppDelegate.swift */ = {isa = PBXFileReference; lastKnownFileType = sourcecode.swift; path = AppDelegate.swift; sourceTree = "<group>"; };
		C457BBBB287640F1009CA534 /* SceneDelegate.swift */ = {isa = PBXFileReference; lastKnownFileType = sourcecode.swift; path = SceneDelegate.swift; sourceTree = "<group>"; };
		C457BBBD287640F1009CA534 /* ViewController.swift */ = {isa = PBXFileReference; lastKnownFileType = sourcecode.swift; path = ViewController.swift; sourceTree = "<group>"; };
		C457BBC0287640F1009CA534 /* Base */ = {isa = PBXFileReference; lastKnownFileType = file.storyboard; name = Base; path = Base.lproj/Main.storyboard; sourceTree = "<group>"; };
		C457BBC2287640F3009CA534 /* Assets.xcassets */ = {isa = PBXFileReference; lastKnownFileType = folder.assetcatalog; path = Assets.xcassets; sourceTree = "<group>"; };
		C457BBC5287640F3009CA534 /* Base */ = {isa = PBXFileReference; lastKnownFileType = file.storyboard; name = Base; path = Base.lproj/LaunchScreen.storyboard; sourceTree = "<group>"; };
		C457BBC7287640F3009CA534 /* Info.plist */ = {isa = PBXFileReference; lastKnownFileType = text.plist.xml; path = Info.plist; sourceTree = "<group>"; };
		C457BBCF2876494A009CA534 /* ActivitiesCell.swift */ = {isa = PBXFileReference; lastKnownFileType = sourcecode.swift; path = ActivitiesCell.swift; sourceTree = "<group>"; };
		C457BBD1287737C7009CA534 /* AddTask.swift */ = {isa = PBXFileReference; lastKnownFileType = sourcecode.swift; path = AddTask.swift; sourceTree = "<group>"; };
/* End PBXFileReference section */

/* Begin PBXFrameworksBuildPhase section */
		C457BBB3287640F1009CA534 /* Frameworks */ = {
			isa = PBXFrameworksBuildPhase;
			buildActionMask = 2147483647;
			files = (
			);
			runOnlyForDeploymentPostprocessing = 0;
		};
/* End PBXFrameworksBuildPhase section */

/* Begin PBXGroup section */
		C457BBAD287640F1009CA534 = {
			isa = PBXGroup;
			children = (
				C457BBB8287640F1009CA534 /* To-do App */,
				C457BBB7287640F1009CA534 /* Products */,
			);
			sourceTree = "<group>";
		};
		C457BBB7287640F1009CA534 /* Products */ = {
			isa = PBXGroup;
			children = (
				C457BBB6287640F1009CA534 /* To-do App.app */,
			);
			name = Products;
			sourceTree = "<group>";
		};
		C457BBB8287640F1009CA534 /* To-do App */ = {
			isa = PBXGroup;
			children = (
				C457BBB9287640F1009CA534 /* AppDelegate.swift */,
				C457BBBB287640F1009CA534 /* SceneDelegate.swift */,
				C457BBBD287640F1009CA534 /* ViewController.swift */,
				C457BBD1287737C7009CA534 /* AddTask.swift */,
				C401A30E287B70E60016196E /* TaskCell.swift */,
				C457BBCF2876494A009CA534 /* ActivitiesCell.swift */,
				C401A310287C6D820016196E /* Activities.swift */,
				C457BBBF287640F1009CA534 /* Main.storyboard */,
				C457BBC2287640F3009CA534 /* Assets.xcassets */,
				C457BBC4287640F3009CA534 /* LaunchScreen.storyboard */,
				C457BBC7287640F3009CA534 /* Info.plist */,
			);
			path = "To-do App";
			sourceTree = "<group>";
		};
/* End PBXGroup section */

/* Begin PBXNativeTarget section */
		C457BBB5287640F1009CA534 /* To-do App */ = {
			isa = PBXNativeTarget;
			buildConfigurationList = C457BBCA287640F3009CA534 /* Build configuration list for PBXNativeTarget "To-do App" */;
			buildPhases = (
				C457BBB2287640F1009CA534 /* Sources */,
				C457BBB3287640F1009CA534 /* Frameworks */,
				C457BBB4287640F1009CA534 /* Resources */,
			);
			buildRules = (
			);
			dependencies = (
			);
			name = "To-do App";
			productName = "To-do App";
			productReference = C457BBB6287640F1009CA534 /* To-do App.app */;
			productType = "com.apple.product-type.application";
		};
/* End PBXNativeTarget section */

/* Begin PBXProject section */
		C457BBAE287640F1009CA534 /* Project object */ = {
			isa = PBXProject;
			attributes = {
				BuildIndependentTargetsInParallel = 1;
				LastSwiftUpdateCheck = 1340;
				LastUpgradeCheck = 1340;
				TargetAttributes = {
					C457BBB5287640F1009CA534 = {
						CreatedOnToolsVersion = 13.4.1;
					};
				};
			};
			buildConfigurationList = C457BBB1287640F1009CA534 /* Build configuration list for PBXProject "To-do App" */;
			compatibilityVersion = "Xcode 13.0";
			developmentRegion = en;
			hasScannedForEncodings = 0;
			knownRegions = (
				en,
				Base,
			);
			mainGroup = C457BBAD287640F1009CA534;
			productRefGroup = C457BBB7287640F1009CA534 /* Products */;
			projectDirPath = "";
			projectRoot = "";
			targets = (
				C457BBB5287640F1009CA534 /* To-do App */,
			);
		};
/* End PBXProject section */

/* Begin PBXResourcesBuildPhase section */
		C457BBB4287640F1009CA534 /* Resources */ = {
			isa = PBXResourcesBuildPhase;
			buildActionMask = 2147483647;
			files = (
				C457BBC6287640F3009CA534 /* LaunchScreen.storyboard in Resources */,
				C457BBC3287640F3009CA534 /* Assets.xcassets in Resources */,
				C457BBC1287640F1009CA534 /* Main.storyboard in Resources */,
			);
			runOnlyForDeploymentPostprocessing = 0;
		};
/* End PBXResourcesBuildPhase section */

/* Begin PBXSourcesBuildPhase section */
		C457BBB2287640F1009CA534 /* Sources */ = {
			isa = PBXSourcesBuildPhase;
			buildActionMask = 2147483647;
			files = (
				C401A30F287B70E60016196E /* TaskCell.swift in Sources */,
				C457BBBE287640F1009CA534 /* ViewController.swift in Sources */,
				C401A311287C6D820016196E /* Activities.swift in Sources */,
				C457BBD02876494A009CA534 /* ActivitiesCell.swift in Sources */,
				C457BBD2287737C7009CA534 /* AddTask.swift in Sources */,
				C457BBBA287640F1009CA534 /* AppDelegate.swift in Sources */,
				C457BBBC287640F1009CA534 /* SceneDelegate.swift in Sources */,
			);
			runOnlyForDeploymentPostprocessing = 0;
		};
/* End PBXSourcesBuildPhase section */

/* Begin PBXVariantGroup section */
		C457BBBF287640F1009CA534 /* Main.storyboard */ = {
			isa = PBXVariantGroup;
			children = (
				C457BBC0287640F1009CA534 /* Base */,
			);
			name = Main.storyboard;
			sourceTree = "<group>";
		};
		C457BBC4287640F3009CA534 /* LaunchScreen.storyboard */ = {
			isa = PBXVariantGroup;
			children = (
				C457BBC5287640F3009CA534 /* Base */,
			);
			name = LaunchScreen.storyboard;
			sourceTree = "<group>";
		};
/* End PBXVariantGroup section */

/* Begin XCBuildConfiguration section */
		C457BBC8287640F3009CA534 /* Debug */ = {
			isa = XCBuildConfiguration;
			buildSettings = {
				ALWAYS_SEARCH_USER_PATHS = NO;
				CLANG_ANALYZER_NONNULL = YES;
				CLANG_ANALYZER_NUMBER_OBJECT_CONVERSION = YES_AGGRESSIVE;
				CLANG_CXX_LANGUAGE_STANDARD = "gnu++17";
				CLANG_ENABLE_MODULES = YES;
				CLANG_ENABLE_OBJC_ARC = YES;
				CLANG_ENABLE_OBJC_WEAK = YES;
				CLANG_WARN_BLOCK_CAPTURE_AUTORELEASING = YES;
				CLANG_WARN_BOOL_CONVERSION = YES;
				CLANG_WARN_COMMA = YES;
				CLANG_WARN_CONSTANT_CONVERSION = YES;
				CLANG_WARN_DEPRECATED_OBJC_IMPLEMENTATIONS = YES;
				CLANG_WARN_DIRECT_OBJC_ISA_USAGE = YES_ERROR;
				CLANG_WARN_DOCUMENTATION_COMMENTS = YES;
				CLANG_WARN_EMPTY_BODY = YES;
				CLANG_WARN_ENUM_CONVERSION = YES;
				CLANG_WARN_INFINITE_RECURSION = YES;
				CLANG_WARN_INT_CONVERSION = YES;
				CLANG_WARN_NON_LITERAL_NULL_CONVERSION = YES;
				CLANG_WARN_OBJC_IMPLICIT_RETAIN_SELF = YES;
				CLANG_WARN_OBJC_LITERAL_CONVERSION = YES;
				CLANG_WARN_OBJC_ROOT_CLASS = YES_ERROR;
				CLANG_WARN_QUOTED_INCLUDE_IN_FRAMEWORK_HEADER = YES;
				CLANG_WARN_RANGE_LOOP_ANALYSIS = YES;
				CLANG_WARN_STRICT_PROTOTYPES = YES;
				CLANG_WARN_SUSPICIOUS_MOVE = YES;
				CLANG_WARN_UNGUARDED_AVAILABILITY = YES_AGGRESSIVE;
				CLANG_WARN_UNREACHABLE_CODE = YES;
				CLANG_WARN__DUPLICATE_METHOD_MATCH = YES;
				COPY_PHASE_STRIP = NO;
				DEBUG_INFORMATION_FORMAT = dwarf;
				ENABLE_STRICT_OBJC_MSGSEND = YES;
				ENABLE_TESTABILITY = YES;
				GCC_C_LANGUAGE_STANDARD = gnu11;
				GCC_DYNAMIC_NO_PIC = NO;
				GCC_NO_COMMON_BLOCKS = YES;
				GCC_OPTIMIZATION_LEVEL = 0;
				GCC_PREPROCESSOR_DEFINITIONS = (
					"DEBUG=1",
					"$(inherited)",
				);
				GCC_WARN_64_TO_32_BIT_CONVERSION = YES;
				GCC_WARN_ABOUT_RETURN_TYPE = YES_ERROR;
				GCC_WARN_UNDECLARED_SELECTOR = YES;
				GCC_WARN_UNINITIALIZED_AUTOS = YES_AGGRESSIVE;
				GCC_WARN_UNUSED_FUNCTION = YES;
				GCC_WARN_UNUSED_VARIABLE = YES;
				IPHONEOS_DEPLOYMENT_TARGET = 15.5;
				MTL_ENABLE_DEBUG_INFO = INCLUDE_SOURCE;
				MTL_FAST_MATH = YES;
				ONLY_ACTIVE_ARCH = YES;
				SDKROOT = iphoneos;
				SWIFT_ACTIVE_COMPILATION_CONDITIONS = DEBUG;
				SWIFT_OPTIMIZATION_LEVEL = "-Onone";
			};
			name = Debug;
		};
		C457BBC9287640F3009CA534 /* Release */ = {
			isa = XCBuildConfiguration;
			buildSettings = {
				ALWAYS_SEARCH_USER_PATHS = NO;
				CLANG_ANALYZER_NONNULL = YES;
				CLANG_ANALYZER_NUMBER_OBJECT_CONVERSION = YES_AGGRESSIVE;
				CLANG_CXX_LANGUAGE_STANDARD = "gnu++17";
				CLANG_ENABLE_MODULES = YES;
				CLANG_ENABLE_OBJC_ARC = YES;
				CLANG_ENABLE_OBJC_WEAK = YES;
				CLANG_WARN_BLOCK_CAPTURE_AUTORELEASING = YES;
				CLANG_WARN_BOOL_CONVERSION = YES;
				CLANG_WARN_COMMA = YES;
				CLANG_WARN_CONSTANT_CONVERSION = YES;
				CLANG_WARN_DEPRECATED_OBJC_IMPLEMENTATIONS = YES;
				CLANG_WARN_DIRECT_OBJC_ISA_USAGE = YES_ERROR;
				CLANG_WARN_DOCUMENTATION_COMMENTS = YES;
				CLANG_WARN_EMPTY_BODY = YES;
				CLANG_WARN_ENUM_CONVERSION = YES;
				CLANG_WARN_INFINITE_RECURSION = YES;
				CLANG_WARN_INT_CONVERSION = YES;
				CLANG_WARN_NON_LITERAL_NULL_CONVERSION = YES;
				CLANG_WARN_OBJC_IMPLICIT_RETAIN_SELF = YES;
				CLANG_WARN_OBJC_LITERAL_CONVERSION = YES;
				CLANG_WARN_OBJC_ROOT_CLASS = YES_ERROR;
				CLANG_WARN_QUOTED_INCLUDE_IN_FRAMEWORK_HEADER = YES;
				CLANG_WARN_RANGE_LOOP_ANALYSIS = YES;
				CLANG_WARN_STRICT_PROTOTYPES = YES;
				CLANG_WARN_SUSPICIOUS_MOVE = YES;
				CLANG_WARN_UNGUARDED_AVAILABILITY = YES_AGGRESSIVE;
				CLANG_WARN_UNREACHABLE_CODE = YES;
				CLANG_WARN__DUPLICATE_METHOD_MATCH = YES;
				COPY_PHASE_STRIP = NO;
				DEBUG_INFORMATION_FORMAT = "dwarf-with-dsym";
				ENABLE_NS_ASSERTIONS = NO;
				ENABLE_STRICT_OBJC_MSGSEND = YES;
				GCC_C_LANGUAGE_STANDARD = gnu11;
				GCC_NO_COMMON_BLOCKS = YES;
				GCC_WARN_64_TO_32_BIT_CONVERSION = YES;
				GCC_WARN_ABOUT_RETURN_TYPE = YES_ERROR;
				GCC_WARN_UNDECLARED_SELECTOR = YES;
				GCC_WARN_UNINITIALIZED_AUTOS = YES_AGGRESSIVE;
				GCC_WARN_UNUSED_FUNCTION = YES;
				GCC_WARN_UNUSED_VARIABLE = YES;
				IPHONEOS_DEPLOYMENT_TARGET = 15.5;
				MTL_ENABLE_DEBUG_INFO = NO;
				MTL_FAST_MATH = YES;
				SDKROOT = iphoneos;
				SWIFT_COMPILATION_MODE = wholemodule;
				SWIFT_OPTIMIZATION_LEVEL = "-O";
				VALIDATE_PRODUCT = YES;
			};
			name = Release;
		};
		C457BBCB287640F3009CA534 /* Debug */ = {
			isa = XCBuildConfiguration;
			buildSettings = {
				ASSETCATALOG_COMPILER_APPICON_NAME = AppIcon;
				ASSETCATALOG_COMPILER_GLOBAL_ACCENT_COLOR_NAME = AccentColor;
				CODE_SIGN_STYLE = Automatic;
				CURRENT_PROJECT_VERSION = 1;
				DEVELOPMENT_TEAM = R3AXTCLPKH;
				GENERATE_INFOPLIST_FILE = YES;
				INFOPLIST_FILE = "To-do App/Info.plist";
				INFOPLIST_KEY_UIApplicationSupportsIndirectInputEvents = YES;
				INFOPLIST_KEY_UILaunchStoryboardName = LaunchScreen;
				INFOPLIST_KEY_UIMainStoryboardFile = Main;
				INFOPLIST_KEY_UISupportedInterfaceOrientations_iPad = "UIInterfaceOrientationPortrait UIInterfaceOrientationPortraitUpsideDown UIInterfaceOrientationLandscapeLeft UIInterfaceOrientationLandscapeRight";
				INFOPLIST_KEY_UISupportedInterfaceOrientations_iPhone = "UIInterfaceOrientationPortrait UIInterfaceOrientationLandscapeLeft UIInterfaceOrientationLandscapeRight";
				LD_RUNPATH_SEARCH_PATHS = (
					"$(inherited)",
					"@executable_path/Frameworks",
				);
				MARKETING_VERSION = 1.0;
				PRODUCT_BUNDLE_IDENTIFIER = "com.akelbarbosa.Practica.Api-caller.To-do-App";
				PRODUCT_NAME = "$(TARGET_NAME)";
				SWIFT_EMIT_LOC_STRINGS = YES;
				SWIFT_VERSION = 5.0;
				TARGETED_DEVICE_FAMILY = "1,2";
			};
			name = Debug;
		};
		C457BBCC287640F3009CA534 /* Release */ = {
			isa = XCBuildConfiguration;
			buildSettings = {
				ASSETCATALOG_COMPILER_APPICON_NAME = AppIcon;
				ASSETCATALOG_COMPILER_GLOBAL_ACCENT_COLOR_NAME = AccentColor;
				CODE_SIGN_STYLE = Automatic;
				CURRENT_PROJECT_VERSION = 1;
				DEVELOPMENT_TEAM = R3AXTCLPKH;
				GENERATE_INFOPLIST_FILE = YES;
				INFOPLIST_FILE = "To-do App/Info.plist";
				INFOPLIST_KEY_UIApplicationSupportsIndirectInputEvents = YES;
				INFOPLIST_KEY_UILaunchStoryboardName = LaunchScreen;
				INFOPLIST_KEY_UIMainStoryboardFile = Main;
				INFOPLIST_KEY_UISupportedInterfaceOrientations_iPad = "UIInterfaceOrientationPortrait UIInterfaceOrientationPortraitUpsideDown UIInterfaceOrientationLandscapeLeft UIInterfaceOrientationLandscapeRight";
				INFOPLIST_KEY_UISupportedInterfaceOrientations_iPhone = "UIInterfaceOrientationPortrait UIInterfaceOrientationLandscapeLeft UIInterfaceOrientationLandscapeRight";
				LD_RUNPATH_SEARCH_PATHS = (
					"$(inherited)",
					"@executable_path/Frameworks",
				);
				MARKETING_VERSION = 1.0;
				PRODUCT_BUNDLE_IDENTIFIER = "com.akelbarbosa.Practica.Api-caller.To-do-App";
				PRODUCT_NAME = "$(TARGET_NAME)";
				SWIFT_EMIT_LOC_STRINGS = YES;
				SWIFT_VERSION = 5.0;
				TARGETED_DEVICE_FAMILY = "1,2";
			};
			name = Release;
		};
/* End XCBuildConfiguration section */

/* Begin XCConfigurationList section */
		C457BBB1287640F1009CA534 /* Build configuration list for PBXProject "To-do App" */ = {
			isa = XCConfigurationList;
			buildConfigurations = (
				C457BBC8287640F3009CA534 /* Debug */,
				C457BBC9287640F3009CA534 /* Release */,
			);
			defaultConfigurationIsVisible = 0;
			defaultConfigurationName = Release;
		};
		C457BBCA287640F3009CA534 /* Build configuration list for PBXNativeTarget "To-do App" */ = {
			isa = XCConfigurationList;
			buildConfigurations = (
				C457BBCB287640F3009CA534 /* Debug */,
				C457BBCC287640F3009CA534 /* Release */,
			);
			defaultConfigurationIsVisible = 0;
			defaultConfigurationName = Release;
		};
/* End XCConfigurationList section */
	};
	rootObject = C457BBAE287640F1009CA534 /* Project object */;
}
